
Microsoft Visual Studio Solution File, Format Version 12.00
# Visual Studio Version 17
VisualStudioVersion = 17.5.33530.505
MinimumVisualStudioVersion = 10.0.40219.1
Project("{8BC9CEB8-8B4A-11D0-8D11-00A0C91BC942}") = "src_test", "src_test\src_test.vcxproj", "{3E4D60E9-7FAF-4E68-8CA8-9EC8BF1F4F85}"
EndProject
Global
	GlobalSection(SolutionConfigurationPlatforms) = preSolution
		Debug|x64 = Debug|x64
		Debug|x86 = Debug|x86
		Release|x64 = Release|x64
		Release|x86 = Release|x86
	EndGlobalSection
	GlobalSection(ProjectConfigurationPlatforms) = postSolution
		{3E4D60E9-7FAF-4E68-8CA8-9EC8BF1F4F85}.Debug|x64.ActiveCfg = Debug|x64
		{3E4D60E9-7FAF-4E68-8CA8-9EC8BF1F4F85}.Debug|x64.Build.0 = Debug|x64
		{3E4D60E9-7FAF-4E68-8CA8-9EC8BF1F4F85}.Debug|x86.ActiveCfg = Debug|Win32
		{3E4D60E9-7FAF-4E68-8CA8-9EC8BF1F4F85}.Debug|x86.Build.0 = Debug|Win32
		{3E4D60E9-7FAF-4E68-8CA8-9EC8BF1F4F85}.Release|x64.ActiveCfg = Release|x64
		{3E4D60E9-7FAF-4E68-8CA8-9EC8BF1F4F85}.Release|x64.Build.0 = Release|x64
		{3E4D60E9-7FAF-4E68-8CA8-9EC8BF1F4F85}.Release|x86.ActiveCfg = Release|Win32
		{3E4D60E9-7FAF-4E68-8CA8-9EC8BF1F4F85}.Release|x86.Build.0 = Release|Win32
	EndGlobalSection
	GlobalSection(SolutionProperties) = preSolution
		HideSolutionNode = FALSE
	EndGlobalSection
	GlobalSection(ExtensibilityGlobals) = postSolution
		SolutionGuid = {0A542CCE-A71E-483B-BEB0-DB018BFB4800}
	EndGlobalSection
EndGlobal
